// !$*UTF8*$!
{
	archiveVersion = 1;
	classes = {
	};
	objectVersion = 77;
	objects = {

/* Begin PBXBuildFile section */
		023F20E32CCD18FE00399DA3 /* Auth in Frameworks */ = {isa = PBXBuildFile; productRef = 023F20E22CCD18FE00399DA3 /* Auth */; };
		023F20E52CCD18FE00399DA3 /* Functions in Frameworks */ = {isa = PBXBuildFile; productRef = 023F20E42CCD18FE00399DA3 /* Functions */; };
		023F20E72CCD18FE00399DA3 /* PostgREST in Frameworks */ = {isa = PBXBuildFile; productRef = 023F20E62CCD18FE00399DA3 /* PostgREST */; };
		023F20E92CCD18FE00399DA3 /* Realtime in Frameworks */ = {isa = PBXBuildFile; productRef = 023F20E82CCD18FE00399DA3 /* Realtime */; };
		023F20EB2CCD18FE00399DA3 /* Storage in Frameworks */ = {isa = PBXBuildFile; productRef = 023F20EA2CCD18FE00399DA3 /* Storage */; };
		023F20ED2CCD18FE00399DA3 /* Supabase in Frameworks */ = {isa = PBXBuildFile; productRef = 023F20EC2CCD18FE00399DA3 /* Supabase */; };
		02A22BAC2CD6A49700FB9DC1 /* CarBode in Frameworks */ = {isa = PBXBuildFile; productRef = 02A22BAB2CD6A49700FB9DC1 /* CarBode */; };
		02A22BB02CD6A67100FB9DC1 /* SwiftyJSON in Frameworks */ = {isa = PBXBuildFile; productRef = 02A22BAF2CD6A67100FB9DC1 /* SwiftyJSON */; };
/* End PBXBuildFile section */

/* Begin PBXContainerItemProxy section */
		023F20C22CCD175B00399DA3 /* PBXContainerItemProxy */ = {
			isa = PBXContainerItemProxy;
			containerPortal = 023F20A82CCD175900399DA3 /* Project object */;
			proxyType = 1;
			remoteGlobalIDString = 023F20AF2CCD175900399DA3;
			remoteInfo = VinylPredictor;
		};
		023F20CC2CCD175B00399DA3 /* PBXContainerItemProxy */ = {
			isa = PBXContainerItemProxy;
			containerPortal = 023F20A82CCD175900399DA3 /* Project object */;
			proxyType = 1;
			remoteGlobalIDString = 023F20AF2CCD175900399DA3;
			remoteInfo = VinylPredictor;
		};
/* End PBXContainerItemProxy section */

/* Begin PBXFileReference section */
		023F20B02CCD175900399DA3 /* VinylPredictor.app */ = {isa = PBXFileReference; explicitFileType = wrapper.application; includeInIndex = 0; path = VinylPredictor.app; sourceTree = BUILT_PRODUCTS_DIR; };
		023F20C12CCD175B00399DA3 /* VinylPredictorTests.xctest */ = {isa = PBXFileReference; explicitFileType = wrapper.cfbundle; includeInIndex = 0; path = VinylPredictorTests.xctest; sourceTree = BUILT_PRODUCTS_DIR; };
		023F20CB2CCD175B00399DA3 /* VinylPredictorUITests.xctest */ = {isa = PBXFileReference; explicitFileType = wrapper.cfbundle; includeInIndex = 0; path = VinylPredictorUITests.xctest; sourceTree = BUILT_PRODUCTS_DIR; };
/* End PBXFileReference section */

/* Begin PBXFileSystemSynchronizedBuildFileExceptionSet section */
		02386D0D2CCE89AB00A7C5C6 /* Exceptions for "VinylPredictor" folder in "VinylPredictor" target */ = {
			isa = PBXFileSystemSynchronizedBuildFileExceptionSet;
			membershipExceptions = (
				Info.plist,
			);
			target = 023F20AF2CCD175900399DA3 /* VinylPredictor */;
		};
/* End PBXFileSystemSynchronizedBuildFileExceptionSet section */

/* Begin PBXFileSystemSynchronizedRootGroup section */
		023F20B22CCD175900399DA3 /* VinylPredictor */ = {
			isa = PBXFileSystemSynchronizedRootGroup;
			exceptions = (
				02386D0D2CCE89AB00A7C5C6 /* Exceptions for "VinylPredictor" folder in "VinylPredictor" target */,
			);
			path = VinylPredictor;
			sourceTree = "<group>";
		};
		023F20C42CCD175B00399DA3 /* VinylPredictorTests */ = {
			isa = PBXFileSystemSynchronizedRootGroup;
			path = VinylPredictorTests;
			sourceTree = "<group>";
		};
		023F20CE2CCD175B00399DA3 /* VinylPredictorUITests */ = {
			isa = PBXFileSystemSynchronizedRootGroup;
			path = VinylPredictorUITests;
			sourceTree = "<group>";
		};
/* End PBXFileSystemSynchronizedRootGroup section */

/* Begin PBXFrameworksBuildPhase section */
		023F20AD2CCD175900399DA3 /* Frameworks */ = {
			isa = PBXFrameworksBuildPhase;
			buildActionMask = 2147483647;
			files = (
				023F20E72CCD18FE00399DA3 /* PostgREST in Frameworks */,
				023F20E52CCD18FE00399DA3 /* Functions in Frameworks */,
				02A22BB02CD6A67100FB9DC1 /* SwiftyJSON in Frameworks */,
				023F20ED2CCD18FE00399DA3 /* Supabase in Frameworks */,
				023F20E32CCD18FE00399DA3 /* Auth in Frameworks */,
				023F20EB2CCD18FE00399DA3 /* Storage in Frameworks */,
				02A22BAC2CD6A49700FB9DC1 /* CarBode in Frameworks */,
				023F20E92CCD18FE00399DA3 /* Realtime in Frameworks */,
			);
			runOnlyForDeploymentPostprocessing = 0;
		};
		023F20BE2CCD175B00399DA3 /* Frameworks */ = {
			isa = PBXFrameworksBuildPhase;
			buildActionMask = 2147483647;
			files = (
			);
			runOnlyForDeploymentPostprocessing = 0;
		};
		023F20C82CCD175B00399DA3 /* Frameworks */ = {
			isa = PBXFrameworksBuildPhase;
			buildActionMask = 2147483647;
			files = (
			);
			runOnlyForDeploymentPostprocessing = 0;
		};
/* End PBXFrameworksBuildPhase section */

/* Begin PBXGroup section */
		023F20A72CCD175900399DA3 = {
			isa = PBXGroup;
			children = (
				023F20B22CCD175900399DA3 /* VinylPredictor */,
				023F20C42CCD175B00399DA3 /* VinylPredictorTests */,
				023F20CE2CCD175B00399DA3 /* VinylPredictorUITests */,
				023F20E12CCD18FE00399DA3 /* Frameworks */,
				023F20B12CCD175900399DA3 /* Products */,
			);
			sourceTree = "<group>";
		};
		023F20B12CCD175900399DA3 /* Products */ = {
			isa = PBXGroup;
			children = (
				023F20B02CCD175900399DA3 /* VinylPredictor.app */,
				023F20C12CCD175B00399DA3 /* VinylPredictorTests.xctest */,
				023F20CB2CCD175B00399DA3 /* VinylPredictorUITests.xctest */,
			);
			name = Products;
			sourceTree = "<group>";
		};
		023F20E12CCD18FE00399DA3 /* Frameworks */ = {
			isa = PBXGroup;
			children = (
			);
			name = Frameworks;
			sourceTree = "<group>";
		};
/* End PBXGroup section */

/* Begin PBXNativeTarget section */
		023F20AF2CCD175900399DA3 /* VinylPredictor */ = {
			isa = PBXNativeTarget;
			buildConfigurationList = 023F20D52CCD175B00399DA3 /* Build configuration list for PBXNativeTarget "VinylPredictor" */;
			buildPhases = (
				023F20AC2CCD175900399DA3 /* Sources */,
				023F20AD2CCD175900399DA3 /* Frameworks */,
				023F20AE2CCD175900399DA3 /* Resources */,
			);
			buildRules = (
			);
			dependencies = (
			);
			fileSystemSynchronizedGroups = (
				023F20B22CCD175900399DA3 /* VinylPredictor */,
			);
			name = VinylPredictor;
			packageProductDependencies = (
				023F20E22CCD18FE00399DA3 /* Auth */,
				023F20E42CCD18FE00399DA3 /* Functions */,
				023F20E62CCD18FE00399DA3 /* PostgREST */,
				023F20E82CCD18FE00399DA3 /* Realtime */,
				023F20EA2CCD18FE00399DA3 /* Storage */,
				023F20EC2CCD18FE00399DA3 /* Supabase */,
				02A22BAB2CD6A49700FB9DC1 /* CarBode */,
				02A22BAF2CD6A67100FB9DC1 /* SwiftyJSON */,
			);
			productName = VinylPredictor;
			productReference = 023F20B02CCD175900399DA3 /* VinylPredictor.app */;
			productType = "com.apple.product-type.application";
		};
		023F20C02CCD175B00399DA3 /* VinylPredictorTests */ = {
			isa = PBXNativeTarget;
			buildConfigurationList = 023F20D82CCD175B00399DA3 /* Build configuration list for PBXNativeTarget "VinylPredictorTests" */;
			buildPhases = (
				023F20BD2CCD175B00399DA3 /* Sources */,
				023F20BE2CCD175B00399DA3 /* Frameworks */,
				023F20BF2CCD175B00399DA3 /* Resources */,
			);
			buildRules = (
			);
			dependencies = (
				023F20C32CCD175B00399DA3 /* PBXTargetDependency */,
			);
			fileSystemSynchronizedGroups = (
				023F20C42CCD175B00399DA3 /* VinylPredictorTests */,
			);
			name = VinylPredictorTests;
			packageProductDependencies = (
			);
			productName = VinylPredictorTests;
			productReference = 023F20C12CCD175B00399DA3 /* VinylPredictorTests.xctest */;
			productType = "com.apple.product-type.bundle.unit-test";
		};
		023F20CA2CCD175B00399DA3 /* VinylPredictorUITests */ = {
			isa = PBXNativeTarget;
			buildConfigurationList = 023F20DB2CCD175B00399DA3 /* Build configuration list for PBXNativeTarget "VinylPredictorUITests" */;
			buildPhases = (
				023F20C72CCD175B00399DA3 /* Sources */,
				023F20C82CCD175B00399DA3 /* Frameworks */,
				023F20C92CCD175B00399DA3 /* Resources */,
			);
			buildRules = (
			);
			dependencies = (
				023F20CD2CCD175B00399DA3 /* PBXTargetDependency */,
			);
			fileSystemSynchronizedGroups = (
				023F20CE2CCD175B00399DA3 /* VinylPredictorUITests */,
			);
			name = VinylPredictorUITests;
			packageProductDependencies = (
			);
			productName = VinylPredictorUITests;
			productReference = 023F20CB2CCD175B00399DA3 /* VinylPredictorUITests.xctest */;
			productType = "com.apple.product-type.bundle.ui-testing";
		};
/* End PBXNativeTarget section */

/* Begin PBXProject section */
		023F20A82CCD175900399DA3 /* Project object */ = {
			isa = PBXProject;
			attributes = {
				BuildIndependentTargetsInParallel = 1;
				LastSwiftUpdateCheck = 1600;
				LastUpgradeCheck = 1600;
				TargetAttributes = {
					023F20AF2CCD175900399DA3 = {
						CreatedOnToolsVersion = 16.0;
					};
					023F20C02CCD175B00399DA3 = {
						CreatedOnToolsVersion = 16.0;
						TestTargetID = 023F20AF2CCD175900399DA3;
					};
					023F20CA2CCD175B00399DA3 = {
						CreatedOnToolsVersion = 16.0;
						TestTargetID = 023F20AF2CCD175900399DA3;
					};
				};
			};
			buildConfigurationList = 023F20AB2CCD175900399DA3 /* Build configuration list for PBXProject "VinylPredictor" */;
			developmentRegion = en;
			hasScannedForEncodings = 0;
			knownRegions = (
				en,
				Base,
			);
			mainGroup = 023F20A72CCD175900399DA3;
			minimizedProjectReferenceProxies = 1;
			packageReferences = (
				023F20DE2CCD183700399DA3 /* XCRemoteSwiftPackageReference "supabase-swift" */,
				02D9DB142CD5BF7100682E14 /* XCLocalSwiftPackageReference "SwiftyJSON-master" */,
				02A22BAA2CD6A49700FB9DC1 /* XCLocalSwiftPackageReference "CarBode-Barcode-Scanner-For-SwiftUI-master" */,
			);
			preferredProjectObjectVersion = 77;
			productRefGroup = 023F20B12CCD175900399DA3 /* Products */;
			projectDirPath = "";
			projectRoot = "";
			targets = (
				023F20AF2CCD175900399DA3 /* VinylPredictor */,
				023F20C02CCD175B00399DA3 /* VinylPredictorTests */,
				023F20CA2CCD175B00399DA3 /* VinylPredictorUITests */,
			);
		};
/* End PBXProject section */

/* Begin PBXResourcesBuildPhase section */
		023F20AE2CCD175900399DA3 /* Resources */ = {
			isa = PBXResourcesBuildPhase;
			buildActionMask = 2147483647;
			files = (
			);
			runOnlyForDeploymentPostprocessing = 0;
		};
		023F20BF2CCD175B00399DA3 /* Resources */ = {
			isa = PBXResourcesBuildPhase;
			buildActionMask = 2147483647;
			files = (
			);
			runOnlyForDeploymentPostprocessing = 0;
		};
		023F20C92CCD175B00399DA3 /* Resources */ = {
			isa = PBXResourcesBuildPhase;
			buildActionMask = 2147483647;
			files = (
			);
			runOnlyForDeploymentPostprocessing = 0;
		};
/* End PBXResourcesBuildPhase section */

/* Begin PBXSourcesBuildPhase section */
		023F20AC2CCD175900399DA3 /* Sources */ = {
			isa = PBXSourcesBuildPhase;
			buildActionMask = 2147483647;
			files = (
			);
			runOnlyForDeploymentPostprocessing = 0;
		};
		023F20BD2CCD175B00399DA3 /* Sources */ = {
			isa = PBXSourcesBuildPhase;
			buildActionMask = 2147483647;
			files = (
			);
			runOnlyForDeploymentPostprocessing = 0;
		};
		023F20C72CCD175B00399DA3 /* Sources */ = {
			isa = PBXSourcesBuildPhase;
			buildActionMask = 2147483647;
			files = (
			);
			runOnlyForDeploymentPostprocessing = 0;
		};
/* End PBXSourcesBuildPhase section */

/* Begin PBXTargetDependency section */
		023F20C32CCD175B00399DA3 /* PBXTargetDependency */ = {
			isa = PBXTargetDependency;
			target = 023F20AF2CCD175900399DA3 /* VinylPredictor */;
			targetProxy = 023F20C22CCD175B00399DA3 /* PBXContainerItemProxy */;
		};
		023F20CD2CCD175B00399DA3 /* PBXTargetDependency */ = {
			isa = PBXTargetDependency;
			target = 023F20AF2CCD175900399DA3 /* VinylPredictor */;
			targetProxy = 023F20CC2CCD175B00399DA3 /* PBXContainerItemProxy */;
		};
/* End PBXTargetDependency section */

/* Begin XCBuildConfiguration section */
		023F20D32CCD175B00399DA3 /* Debug */ = {
			isa = XCBuildConfiguration;
			buildSettings = {
				ALWAYS_SEARCH_USER_PATHS = NO;
				ASSETCATALOG_COMPILER_GENERATE_SWIFT_ASSET_SYMBOL_EXTENSIONS = YES;
				CLANG_ANALYZER_NONNULL = YES;
				CLANG_ANALYZER_NUMBER_OBJECT_CONVERSION = YES_AGGRESSIVE;
				CLANG_CXX_LANGUAGE_STANDARD = "gnu++20";
				CLANG_ENABLE_MODULES = YES;
				CLANG_ENABLE_OBJC_ARC = YES;
				CLANG_ENABLE_OBJC_WEAK = YES;
				CLANG_WARN_BLOCK_CAPTURE_AUTORELEASING = YES;
				CLANG_WARN_BOOL_CONVERSION = YES;
				CLANG_WARN_COMMA = YES;
				CLANG_WARN_CONSTANT_CONVERSION = YES;
				CLANG_WARN_DEPRECATED_OBJC_IMPLEMENTATIONS = YES;
				CLANG_WARN_DIRECT_OBJC_ISA_USAGE = YES_ERROR;
				CLANG_WARN_DOCUMENTATION_COMMENTS = YES;
				CLANG_WARN_EMPTY_BODY = YES;
				CLANG_WARN_ENUM_CONVERSION = YES;
				CLANG_WARN_INFINITE_RECURSION = YES;
				CLANG_WARN_INT_CONVERSION = YES;
				CLANG_WARN_NON_LITERAL_NULL_CONVERSION = YES;
				CLANG_WARN_OBJC_IMPLICIT_RETAIN_SELF = YES;
				CLANG_WARN_OBJC_LITERAL_CONVERSION = YES;
				CLANG_WARN_OBJC_ROOT_CLASS = YES_ERROR;
				CLANG_WARN_QUOTED_INCLUDE_IN_FRAMEWORK_HEADER = YES;
				CLANG_WARN_RANGE_LOOP_ANALYSIS = YES;
				CLANG_WARN_STRICT_PROTOTYPES = YES;
				CLANG_WARN_SUSPICIOUS_MOVE = YES;
				CLANG_WARN_UNGUARDED_AVAILABILITY = YES_AGGRESSIVE;
				CLANG_WARN_UNREACHABLE_CODE = YES;
				CLANG_WARN__DUPLICATE_METHOD_MATCH = YES;
				COPY_PHASE_STRIP = NO;
				DEBUG_INFORMATION_FORMAT = dwarf;
				ENABLE_STRICT_OBJC_MSGSEND = YES;
				ENABLE_TESTABILITY = YES;
				ENABLE_USER_SCRIPT_SANDBOXING = YES;
				GCC_C_LANGUAGE_STANDARD = gnu17;
				GCC_DYNAMIC_NO_PIC = NO;
				GCC_NO_COMMON_BLOCKS = YES;
				GCC_OPTIMIZATION_LEVEL = 0;
				GCC_PREPROCESSOR_DEFINITIONS = (
					"DEBUG=1",
					"$(inherited)",
				);
				GCC_WARN_64_TO_32_BIT_CONVERSION = YES;
				GCC_WARN_ABOUT_RETURN_TYPE = YES_ERROR;
				GCC_WARN_UNDECLARED_SELECTOR = YES;
				GCC_WARN_UNINITIALIZED_AUTOS = YES_AGGRESSIVE;
				GCC_WARN_UNUSED_FUNCTION = YES;
				GCC_WARN_UNUSED_VARIABLE = YES;
				LOCALIZATION_PREFERS_STRING_CATALOGS = YES;
				MTL_ENABLE_DEBUG_INFO = INCLUDE_SOURCE;
				MTL_FAST_MATH = YES;
				ONLY_ACTIVE_ARCH = YES;
				SWIFT_ACTIVE_COMPILATION_CONDITIONS = "DEBUG $(inherited)";
				SWIFT_OPTIMIZATION_LEVEL = "-Onone";
			};
			name = Debug;
		};
		023F20D42CCD175B00399DA3 /* Release */ = {
			isa = XCBuildConfiguration;
			buildSettings = {
				ALWAYS_SEARCH_USER_PATHS = NO;
				ASSETCATALOG_COMPILER_GENERATE_SWIFT_ASSET_SYMBOL_EXTENSIONS = YES;
				CLANG_ANALYZER_NONNULL = YES;
				CLANG_ANALYZER_NUMBER_OBJECT_CONVERSION = YES_AGGRESSIVE;
				CLANG_CXX_LANGUAGE_STANDARD = "gnu++20";
				CLANG_ENABLE_MODULES = YES;
				CLANG_ENABLE_OBJC_ARC = YES;
				CLANG_ENABLE_OBJC_WEAK = YES;
				CLANG_WARN_BLOCK_CAPTURE_AUTORELEASING = YES;
				CLANG_WARN_BOOL_CONVERSION = YES;
				CLANG_WARN_COMMA = YES;
				CLANG_WARN_CONSTANT_CONVERSION = YES;
				CLANG_WARN_DEPRECATED_OBJC_IMPLEMENTATIONS = YES;
				CLANG_WARN_DIRECT_OBJC_ISA_USAGE = YES_ERROR;
				CLANG_WARN_DOCUMENTATION_COMMENTS = YES;
				CLANG_WARN_EMPTY_BODY = YES;
				CLANG_WARN_ENUM_CONVERSION = YES;
				CLANG_WARN_INFINITE_RECURSION = YES;
				CLANG_WARN_INT_CONVERSION = YES;
				CLANG_WARN_NON_LITERAL_NULL_CONVERSION = YES;
				CLANG_WARN_OBJC_IMPLICIT_RETAIN_SELF = YES;
				CLANG_WARN_OBJC_LITERAL_CONVERSION = YES;
				CLANG_WARN_OBJC_ROOT_CLASS = YES_ERROR;
				CLANG_WARN_QUOTED_INCLUDE_IN_FRAMEWORK_HEADER = YES;
				CLANG_WARN_RANGE_LOOP_ANALYSIS = YES;
				CLANG_WARN_STRICT_PROTOTYPES = YES;
				CLANG_WARN_SUSPICIOUS_MOVE = YES;
				CLANG_WARN_UNGUARDED_AVAILABILITY = YES_AGGRESSIVE;
				CLANG_WARN_UNREACHABLE_CODE = YES;
				CLANG_WARN__DUPLICATE_METHOD_MATCH = YES;
				COPY_PHASE_STRIP = NO;
				DEBUG_INFORMATION_FORMAT = "dwarf-with-dsym";
				ENABLE_NS_ASSERTIONS = NO;
				ENABLE_STRICT_OBJC_MSGSEND = YES;
				ENABLE_USER_SCRIPT_SANDBOXING = YES;
				GCC_C_LANGUAGE_STANDARD = gnu17;
				GCC_NO_COMMON_BLOCKS = YES;
				GCC_WARN_64_TO_32_BIT_CONVERSION = YES;
				GCC_WARN_ABOUT_RETURN_TYPE = YES_ERROR;
				GCC_WARN_UNDECLARED_SELECTOR = YES;
				GCC_WARN_UNINITIALIZED_AUTOS = YES_AGGRESSIVE;
				GCC_WARN_UNUSED_FUNCTION = YES;
				GCC_WARN_UNUSED_VARIABLE = YES;
				LOCALIZATION_PREFERS_STRING_CATALOGS = YES;
				MTL_ENABLE_DEBUG_INFO = NO;
				MTL_FAST_MATH = YES;
				SWIFT_COMPILATION_MODE = wholemodule;
			};
			name = Release;
		};
		023F20D62CCD175B00399DA3 /* Debug */ = {
			isa = XCBuildConfiguration;
			buildSettings = {
				ASSETCATALOG_COMPILER_APPICON_NAME = AppIcon;
				ASSETCATALOG_COMPILER_GLOBAL_ACCENT_COLOR_NAME = AccentColor;
				CODE_SIGN_ENTITLEMENTS = VinylPredictor/VinylPredictor.entitlements;
				CODE_SIGN_STYLE = Automatic;
				CURRENT_PROJECT_VERSION = 1;
				DEVELOPMENT_ASSET_PATHS = "\"VinylPredictor/Preview Content\"";
				DEVELOPMENT_TEAM = HT3UY6CTF3;
				ENABLE_HARDENED_RUNTIME = YES;
				ENABLE_PREVIEWS = YES;
				GENERATE_INFOPLIST_FILE = YES;
				INFOPLIST_FILE = VinylPredictor/Info.plist;
				"INFOPLIST_KEY_UIApplicationSceneManifest_Generation[sdk=iphoneos*]" = YES;
				"INFOPLIST_KEY_UIApplicationSceneManifest_Generation[sdk=iphonesimulator*]" = YES;
				"INFOPLIST_KEY_UIApplicationSupportsIndirectInputEvents[sdk=iphoneos*]" = YES;
				"INFOPLIST_KEY_UIApplicationSupportsIndirectInputEvents[sdk=iphonesimulator*]" = YES;
				"INFOPLIST_KEY_UILaunchScreen_Generation[sdk=iphoneos*]" = YES;
				"INFOPLIST_KEY_UILaunchScreen_Generation[sdk=iphonesimulator*]" = YES;
				"INFOPLIST_KEY_UIStatusBarStyle[sdk=iphoneos*]" = UIStatusBarStyleDefault;
				"INFOPLIST_KEY_UIStatusBarStyle[sdk=iphonesimulator*]" = UIStatusBarStyleDefault;
				INFOPLIST_KEY_UISupportedInterfaceOrientations = UIInterfaceOrientationPortrait;
				INFOPLIST_KEY_UISupportedInterfaceOrientations_iPad = "UIInterfaceOrientationLandscapeLeft UIInterfaceOrientationLandscapeRight UIInterfaceOrientationPortrait UIInterfaceOrientationPortraitUpsideDown";
				IPHONEOS_DEPLOYMENT_TARGET = 18.0;
				LD_RUNPATH_SEARCH_PATHS = "@executable_path/Frameworks";
				"LD_RUNPATH_SEARCH_PATHS[sdk=macosx*]" = "@executable_path/../Frameworks";
				MACOSX_DEPLOYMENT_TARGET = 15.0;
				MARKETING_VERSION = 1.0;
				PRODUCT_BUNDLE_IDENTIFIER = com.BradleyCable.uob.VinylPredictor;
				PRODUCT_NAME = "$(TARGET_NAME)";
				SDKROOT = auto;
				SUPPORTED_PLATFORMS = "iphoneos iphonesimulator";
				SUPPORTS_MACCATALYST = NO;
				SWIFT_EMIT_LOC_STRINGS = YES;
				SWIFT_VERSION = 5.0;
				TARGETED_DEVICE_FAMILY = 1;
				XROS_DEPLOYMENT_TARGET = 2.0;
			};
			name = Debug;
		};
		023F20D72CCD175B00399DA3 /* Release */ = {
			isa = XCBuildConfiguration;
			buildSettings = {
				ASSETCATALOG_COMPILER_APPICON_NAME = AppIcon;
				ASSETCATALOG_COMPILER_GLOBAL_ACCENT_COLOR_NAME = AccentColor;
				CODE_SIGN_ENTITLEMENTS = VinylPredictor/VinylPredictor.entitlements;
				CODE_SIGN_STYLE = Automatic;
				CURRENT_PROJECT_VERSION = 1;
				DEVELOPMENT_ASSET_PATHS = "\"VinylPredictor/Preview Content\"";
				DEVELOPMENT_TEAM = HT3UY6CTF3;
				ENABLE_HARDENED_RUNTIME = YES;
				ENABLE_PREVIEWS = YES;
				GENERATE_INFOPLIST_FILE = YES;
				INFOPLIST_FILE = VinylPredictor/Info.plist;
				"INFOPLIST_KEY_UIApplicationSceneManifest_Generation[sdk=iphoneos*]" = YES;
				"INFOPLIST_KEY_UIApplicationSceneManifest_Generation[sdk=iphonesimulator*]" = YES;
				"INFOPLIST_KEY_UIApplicationSupportsIndirectInputEvents[sdk=iphoneos*]" = YES;
				"INFOPLIST_KEY_UIApplicationSupportsIndirectInputEvents[sdk=iphonesimulator*]" = YES;
				"INFOPLIST_KEY_UILaunchScreen_Generation[sdk=iphoneos*]" = YES;
				"INFOPLIST_KEY_UILaunchScreen_Generation[sdk=iphonesimulator*]" = YES;
				"INFOPLIST_KEY_UIStatusBarStyle[sdk=iphoneos*]" = UIStatusBarStyleDefault;
				"INFOPLIST_KEY_UIStatusBarStyle[sdk=iphonesimulator*]" = UIStatusBarStyleDefault;
				INFOPLIST_KEY_UISupportedInterfaceOrientations = UIInterfaceOrientationPortrait;
				INFOPLIST_KEY_UISupportedInterfaceOrientations_iPad = "UIInterfaceOrientationLandscapeLeft UIInterfaceOrientationLandscapeRight UIInterfaceOrientationPortrait UIInterfaceOrientationPortraitUpsideDown";
				IPHONEOS_DEPLOYMENT_TARGET = 18.0;
				LD_RUNPATH_SEARCH_PATHS = "@executable_path/Frameworks";
				"LD_RUNPATH_SEARCH_PATHS[sdk=macosx*]" = "@executable_path/../Frameworks";
				MACOSX_DEPLOYMENT_TARGET = 15.0;
				MARKETING_VERSION = 1.0;
				PRODUCT_BUNDLE_IDENTIFIER = com.BradleyCable.uob.VinylPredictor;
				PRODUCT_NAME = "$(TARGET_NAME)";
				SDKROOT = auto;
				SUPPORTED_PLATFORMS = "iphoneos iphonesimulator";
				SUPPORTS_MACCATALYST = NO;
				SWIFT_EMIT_LOC_STRINGS = YES;
				SWIFT_VERSION = 5.0;
				TARGETED_DEVICE_FAMILY = 1;
				XROS_DEPLOYMENT_TARGET = 2.0;
			};
			name = Release;
		};
		023F20D92CCD175B00399DA3 /* Debug */ = {
			isa = XCBuildConfiguration;
			buildSettings = {
				BUNDLE_LOADER = "$(TEST_HOST)";
				CODE_SIGN_STYLE = Automatic;
				CURRENT_PROJECT_VERSION = 1;
				DEVELOPMENT_TEAM = HT3UY6CTF3;
				GENERATE_INFOPLIST_FILE = YES;
				IPHONEOS_DEPLOYMENT_TARGET = 18.0;
				MACOSX_DEPLOYMENT_TARGET = 15.0;
				MARKETING_VERSION = 1.0;
				PRODUCT_BUNDLE_IDENTIFIER = com.BradleyCable.uob.VinylPredictorTests;
				PRODUCT_NAME = "$(TARGET_NAME)";
				SDKROOT = auto;
				SUPPORTED_PLATFORMS = "iphoneos iphonesimulator macosx xros xrsimulator";
				SWIFT_EMIT_LOC_STRINGS = NO;
				SWIFT_VERSION = 5.0;
				TARGETED_DEVICE_FAMILY = "1,2,7";
				TEST_HOST = "$(BUILT_PRODUCTS_DIR)/VinylPredictor.app/$(BUNDLE_EXECUTABLE_FOLDER_PATH)/VinylPredictor";
				XROS_DEPLOYMENT_TARGET = 2.0;
			};
			name = Debug;
		};
		023F20DA2CCD175B00399DA3 /* Release */ = {
			isa = XCBuildConfiguration;
			buildSettings = {
				BUNDLE_LOADER = "$(TEST_HOST)";
				CODE_SIGN_STYLE = Automatic;
				CURRENT_PROJECT_VERSION = 1;
				DEVELOPMENT_TEAM = HT3UY6CTF3;
				GENERATE_INFOPLIST_FILE = YES;
				IPHONEOS_DEPLOYMENT_TARGET = 18.0;
				MACOSX_DEPLOYMENT_TARGET = 15.0;
				MARKETING_VERSION = 1.0;
				PRODUCT_BUNDLE_IDENTIFIER = com.BradleyCable.uob.VinylPredictorTests;
				PRODUCT_NAME = "$(TARGET_NAME)";
				SDKROOT = auto;
				SUPPORTED_PLATFORMS = "iphoneos iphonesimulator macosx xros xrsimulator";
				SWIFT_EMIT_LOC_STRINGS = NO;
				SWIFT_VERSION = 5.0;
				TARGETED_DEVICE_FAMILY = "1,2,7";
				TEST_HOST = "$(BUILT_PRODUCTS_DIR)/VinylPredictor.app/$(BUNDLE_EXECUTABLE_FOLDER_PATH)/VinylPredictor";
				XROS_DEPLOYMENT_TARGET = 2.0;
			};
			name = Release;
		};
		023F20DC2CCD175B00399DA3 /* Debug */ = {
			isa = XCBuildConfiguration;
			buildSettings = {
				CODE_SIGN_STYLE = Automatic;
				CURRENT_PROJECT_VERSION = 1;
				DEVELOPMENT_TEAM = HT3UY6CTF3;
				GENERATE_INFOPLIST_FILE = YES;
				IPHONEOS_DEPLOYMENT_TARGET = 18.0;
				MACOSX_DEPLOYMENT_TARGET = 15.0;
				MARKETING_VERSION = 1.0;
				PRODUCT_BUNDLE_IDENTIFIER = com.BradleyCable.uob.VinylPredictorUITests;
				PRODUCT_NAME = "$(TARGET_NAME)";
				SDKROOT = auto;
				SUPPORTED_PLATFORMS = "iphoneos iphonesimulator macosx xros xrsimulator";
				SWIFT_EMIT_LOC_STRINGS = NO;
				SWIFT_VERSION = 5.0;
				TARGETED_DEVICE_FAMILY = "1,2,7";
				TEST_TARGET_NAME = VinylPredictor;
				XROS_DEPLOYMENT_TARGET = 2.0;
			};
			name = Debug;
		};
		023F20DD2CCD175B00399DA3 /* Release */ = {
			isa = XCBuildConfiguration;
			buildSettings = {
				CODE_SIGN_STYLE = Automatic;
				CURRENT_PROJECT_VERSION = 1;
				DEVELOPMENT_TEAM = HT3UY6CTF3;
				GENERATE_INFOPLIST_FILE = YES;
				IPHONEOS_DEPLOYMENT_TARGET = 18.0;
				MACOSX_DEPLOYMENT_TARGET = 15.0;
				MARKETING_VERSION = 1.0;
				PRODUCT_BUNDLE_IDENTIFIER = com.BradleyCable.uob.VinylPredictorUITests;
				PRODUCT_NAME = "$(TARGET_NAME)";
				SDKROOT = auto;
				SUPPORTED_PLATFORMS = "iphoneos iphonesimulator macosx xros xrsimulator";
				SWIFT_EMIT_LOC_STRINGS = NO;
				SWIFT_VERSION = 5.0;
				TARGETED_DEVICE_FAMILY = "1,2,7";
				TEST_TARGET_NAME = VinylPredictor;
				XROS_DEPLOYMENT_TARGET = 2.0;
			};
			name = Release;
		};
/* End XCBuildConfiguration section */

/* Begin XCConfigurationList section */
		023F20AB2CCD175900399DA3 /* Build configuration list for PBXProject "VinylPredictor" */ = {
			isa = XCConfigurationList;
			buildConfigurations = (
				023F20D32CCD175B00399DA3 /* Debug */,
				023F20D42CCD175B00399DA3 /* Release */,
			);
			defaultConfigurationIsVisible = 0;
			defaultConfigurationName = Release;
		};
		023F20D52CCD175B00399DA3 /* Build configuration list for PBXNativeTarget "VinylPredictor" */ = {
			isa = XCConfigurationList;
			buildConfigurations = (
				023F20D62CCD175B00399DA3 /* Debug */,
				023F20D72CCD175B00399DA3 /* Release */,
			);
			defaultConfigurationIsVisible = 0;
			defaultConfigurationName = Release;
		};
		023F20D82CCD175B00399DA3 /* Build configuration list for PBXNativeTarget "VinylPredictorTests" */ = {
			isa = XCConfigurationList;
			buildConfigurations = (
				023F20D92CCD175B00399DA3 /* Debug */,
				023F20DA2CCD175B00399DA3 /* Release */,
			);
			defaultConfigurationIsVisible = 0;
			defaultConfigurationName = Release;
		};
		023F20DB2CCD175B00399DA3 /* Build configuration list for PBXNativeTarget "VinylPredictorUITests" */ = {
			isa = XCConfigurationList;
			buildConfigurations = (
				023F20DC2CCD175B00399DA3 /* Debug */,
				023F20DD2CCD175B00399DA3 /* Release */,
			);
			defaultConfigurationIsVisible = 0;
			defaultConfigurationName = Release;
		};
/* End XCConfigurationList section */

/* Begin XCLocalSwiftPackageReference section */
		02A22BAA2CD6A49700FB9DC1 /* XCLocalSwiftPackageReference "CarBode-Barcode-Scanner-For-SwiftUI-master" */ = {
			isa = XCLocalSwiftPackageReference;
			relativePath = "CarBode-Barcode-Scanner-For-SwiftUI-master";
		};
		02D9DB142CD5BF7100682E14 /* XCLocalSwiftPackageReference "SwiftyJSON-master" */ = {
			isa = XCLocalSwiftPackageReference;
			relativePath = "SwiftyJSON-master";
		};
/* End XCLocalSwiftPackageReference section */

/* Begin XCRemoteSwiftPackageReference section */
		023F20DE2CCD183700399DA3 /* XCRemoteSwiftPackageReference "supabase-swift" */ = {
			isa = XCRemoteSwiftPackageReference;
			repositoryURL = "https://github.com/supabase/supabase-swift";
			requirement = {
				kind = upToNextMajorVersion;
				minimumVersion = 2.5.1;
			};
		};
/* End XCRemoteSwiftPackageReference section */

/* Begin XCSwiftPackageProductDependency section */
		023F20E22CCD18FE00399DA3 /* Auth */ = {
			isa = XCSwiftPackageProductDependency;
			package = 023F20DE2CCD183700399DA3 /* XCRemoteSwiftPackageReference "supabase-swift" */;
			productName = Auth;
		};
		023F20E42CCD18FE00399DA3 /* Functions */ = {
			isa = XCSwiftPackageProductDependency;
			package = 023F20DE2CCD183700399DA3 /* XCRemoteSwiftPackageReference "supabase-swift" */;
			productName = Functions;
		};
		023F20E62CCD18FE00399DA3 /* PostgREST */ = {
			isa = XCSwiftPackageProductDependency;
			package = 023F20DE2CCD183700399DA3 /* XCRemoteSwiftPackageReference "supabase-swift" */;
			productName = PostgREST;
		};
		023F20E82CCD18FE00399DA3 /* Realtime */ = {
			isa = XCSwiftPackageProductDependency;
			package = 023F20DE2CCD183700399DA3 /* XCRemoteSwiftPackageReference "supabase-swift" */;
			productName = Realtime;
		};
		023F20EA2CCD18FE00399DA3 /* Storage */ = {
			isa = XCSwiftPackageProductDependency;
			package = 023F20DE2CCD183700399DA3 /* XCRemoteSwiftPackageReference "supabase-swift" */;
			productName = Storage;
		};
		023F20EC2CCD18FE00399DA3 /* Supabase */ = {
			isa = XCSwiftPackageProductDependency;
			package = 023F20DE2CCD183700399DA3 /* XCRemoteSwiftPackageReference "supabase-swift" */;
			productName = Supabase;
		};
		02A22BAB2CD6A49700FB9DC1 /* CarBode */ = {
			isa = XCSwiftPackageProductDependency;
			productName = CarBode;
		};
		02A22BAF2CD6A67100FB9DC1 /* SwiftyJSON */ = {
			isa = XCSwiftPackageProductDependency;
			package = 02D9DB142CD5BF7100682E14 /* XCLocalSwiftPackageReference "SwiftyJSON-master" */;
			productName = SwiftyJSON;
		};
/* End XCSwiftPackageProductDependency section */
	};
	rootObject = 023F20A82CCD175900399DA3 /* Project object */;
}
